
Microsoft Visual Studio Solution File, Format Version 12.00
# Visual Studio 2012
Project("{FAE04EC0-301F-11D3-BF4B-00C04F79EFBC}") = "Endo.Web", "Endo.Web\Endo.Web.csproj", "{8CAAFDC0-AA1E-4127-8ACC-06245D7D7812}"
EndProject
Project("{2150E333-8FDC-42A3-9474-1A3956D46DE8}") = ".nuget", ".nuget", "{1A69D916-2DBF-445D-821F-0FD70029F912}"
	ProjectSection(SolutionItems) = preProject
		.nuget\NuGet.Config = .nuget\NuGet.Config
		.nuget\NuGet.exe = .nuget\NuGet.exe
		.nuget\NuGet.targets = .nuget\NuGet.targets
	EndProjectSection
EndProject
Project("{FAE04EC0-301F-11D3-BF4B-00C04F79EFBC}") = "Endo.Domain", "Endo.Domain\Endo.Domain.csproj", "{7204D8B6-1443-4D31-98E8-458239E3471C}"
EndProject
Project("{FAE04EC0-301F-11D3-BF4B-00C04F79EFBC}") = "Endo.EF", "Endo.EF\Endo.EF.csproj", "{EB917D51-9ED1-4DF5-A12F-55EB03A312B9}"
EndProject
Project("{FAE04EC0-301F-11D3-BF4B-00C04F79EFBC}") = "Endo.UnitTests", "Endo.UnitTests\Endo.UnitTests.csproj", "{DB30B5FA-56AE-4C7B-B45A-486411D41E7C}"
EndProject
Global
	GlobalSection(SolutionConfigurationPlatforms) = preSolution
		Debug|Any CPU = Debug|Any CPU
		Release|Any CPU = Release|Any CPU
	EndGlobalSection
	GlobalSection(ProjectConfigurationPlatforms) = postSolution
		{8CAAFDC0-AA1E-4127-8ACC-06245D7D7812}.Debug|Any CPU.ActiveCfg = Debug|Any CPU
		{8CAAFDC0-AA1E-4127-8ACC-06245D7D7812}.Debug|Any CPU.Build.0 = Debug|Any CPU
		{8CAAFDC0-AA1E-4127-8ACC-06245D7D7812}.Release|Any CPU.ActiveCfg = Release|Any CPU
		{8CAAFDC0-AA1E-4127-8ACC-06245D7D7812}.Release|Any CPU.Build.0 = Release|Any CPU
		{7204D8B6-1443-4D31-98E8-458239E3471C}.Debug|Any CPU.ActiveCfg = Debug|Any CPU
		{7204D8B6-1443-4D31-98E8-458239E3471C}.Debug|Any CPU.Build.0 = Debug|Any CPU
		{7204D8B6-1443-4D31-98E8-458239E3471C}.Release|Any CPU.ActiveCfg = Release|Any CPU
		{7204D8B6-1443-4D31-98E8-458239E3471C}.Release|Any CPU.Build.0 = Release|Any CPU
		{EB917D51-9ED1-4DF5-A12F-55EB03A312B9}.Debug|Any CPU.ActiveCfg = Debug|Any CPU
		{EB917D51-9ED1-4DF5-A12F-55EB03A312B9}.Debug|Any CPU.Build.0 = Debug|Any CPU
		{EB917D51-9ED1-4DF5-A12F-55EB03A312B9}.Release|Any CPU.ActiveCfg = Release|Any CPU
		{EB917D51-9ED1-4DF5-A12F-55EB03A312B9}.Release|Any CPU.Build.0 = Release|Any CPU
		{DB30B5FA-56AE-4C7B-B45A-486411D41E7C}.Debug|Any CPU.ActiveCfg = Debug|Any CPU
		{DB30B5FA-56AE-4C7B-B45A-486411D41E7C}.Debug|Any CPU.Build.0 = Debug|Any CPU
		{DB30B5FA-56AE-4C7B-B45A-486411D41E7C}.Release|Any CPU.ActiveCfg = Release|Any CPU
		{DB30B5FA-56AE-4C7B-B45A-486411D41E7C}.Release|Any CPU.Build.0 = Release|Any CPU
	EndGlobalSection
	GlobalSection(SolutionProperties) = preSolution
		HideSolutionNode = FALSE
	EndGlobalSection
EndGlobal
